
Microsoft Visual Studio Solution File, Format Version 12.00
# Visual Studio 2012
Project("{FAE04EC0-301F-11D3-BF4B-00C04F79EFBC}") = "SolidRobotto", "SolidRobotto\SolidRobotto.csproj", "{5FF51AE6-180A-4B8E-A9B4-B95376ADBDD9}"
EndProject
Global
	GlobalSection(SolutionConfigurationPlatforms) = preSolution
		Debug|Any CPU = Debug|Any CPU
		Release|Any CPU = Release|Any CPU
	EndGlobalSection
	GlobalSection(ProjectConfigurationPlatforms) = postSolution
		{5FF51AE6-180A-4B8E-A9B4-B95376ADBDD9}.Debug|Any CPU.ActiveCfg = Debug|Any CPU
		{5FF51AE6-180A-4B8E-A9B4-B95376ADBDD9}.Debug|Any CPU.Build.0 = Debug|Any CPU
		{5FF51AE6-180A-4B8E-A9B4-B95376ADBDD9}.Release|Any CPU.ActiveCfg = Release|Any CPU
		{5FF51AE6-180A-4B8E-A9B4-B95376ADBDD9}.Release|Any CPU.Build.0 = Release|Any CPU
	EndGlobalSection
	GlobalSection(SolutionProperties) = preSolution
		HideSolutionNode = FALSE
	EndGlobalSection
EndGlobal
